
Microsoft Visual Studio Solution File, Format Version 12.00
# Visual Studio Version 17
VisualStudioVersion = 17.5.002.0
MinimumVisualStudioVersion = 10.0.40219.1
Project("{9A19103F-16F7-4668-BE54-9A1E7A4F7556}") = "Урок 3. Семинар", "Урок 3. Семинар.csproj", "{2C65FDA7-766C-494F-BB78-CE11BF0259E0}"
EndProject
Global
	GlobalSection(SolutionConfigurationPlatforms) = preSolution
		Debug|Any CPU = Debug|Any CPU
		Release|Any CPU = Release|Any CPU
	EndGlobalSection
	GlobalSection(ProjectConfigurationPlatforms) = postSolution
		{2C65FDA7-766C-494F-BB78-CE11BF0259E0}.Debug|Any CPU.ActiveCfg = Debug|Any CPU
		{2C65FDA7-766C-494F-BB78-CE11BF0259E0}.Debug|Any CPU.Build.0 = Debug|Any CPU
		{2C65FDA7-766C-494F-BB78-CE11BF0259E0}.Release|Any CPU.ActiveCfg = Release|Any CPU
		{2C65FDA7-766C-494F-BB78-CE11BF0259E0}.Release|Any CPU.Build.0 = Release|Any CPU
	EndGlobalSection
	GlobalSection(SolutionProperties) = preSolution
		HideSolutionNode = FALSE
	EndGlobalSection
	GlobalSection(ExtensibilityGlobals) = postSolution
		SolutionGuid = {7D69E3D1-0D8A-49A0-AE61-EE2A57549933}
	EndGlobalSection
EndGlobal
